
Microsoft Visual Studio Solution File, Format Version 12.00
# Visual Studio Version 16
VisualStudioVersion = 16.0.29230.47
MinimumVisualStudioVersion = 10.0.40219.1
Project("{FAE04EC0-301F-11D3-BF4B-00C04F79EFBC}") = "wfaVendas_Heloisa_Silvio", "wfaVendas_Heloisa_Silvio\wfaVendas_Heloisa_Silvio.csproj", "{D618CDE1-0A50-4CAC-A7F4-AF01CED8A7F0}"
EndProject
Global
	GlobalSection(SolutionConfigurationPlatforms) = preSolution
		Debug|Any CPU = Debug|Any CPU
		Release|Any CPU = Release|Any CPU
	EndGlobalSection
	GlobalSection(ProjectConfigurationPlatforms) = postSolution
		{D618CDE1-0A50-4CAC-A7F4-AF01CED8A7F0}.Debug|Any CPU.ActiveCfg = Debug|Any CPU
		{D618CDE1-0A50-4CAC-A7F4-AF01CED8A7F0}.Debug|Any CPU.Build.0 = Debug|Any CPU
		{D618CDE1-0A50-4CAC-A7F4-AF01CED8A7F0}.Release|Any CPU.ActiveCfg = Release|Any CPU
		{D618CDE1-0A50-4CAC-A7F4-AF01CED8A7F0}.Release|Any CPU.Build.0 = Release|Any CPU
	EndGlobalSection
	GlobalSection(SolutionProperties) = preSolution
		HideSolutionNode = FALSE
	EndGlobalSection
	GlobalSection(ExtensibilityGlobals) = postSolution
		SolutionGuid = {666CA5AB-4C37-476F-A4FC-64370F2F0F4A}
	EndGlobalSection
EndGlobal
